
Microsoft Visual Studio Solution File, Format Version 12.00
# Visual Studio Version 17
VisualStudioVersion = 17.0.32014.148
MinimumVisualStudioVersion = 10.0.40219.1
Project("{FAE04EC0-301F-11D3-BF4B-00C04F79EFBC}") = "EncryptWithOTP", "EncryptWithOTP\EncryptWithOTP.csproj", "{3728FD85-0707-45F9-AA64-2640B2721FBC}"
EndProject
Global
	GlobalSection(SolutionConfigurationPlatforms) = preSolution
		Debug|Any CPU = Debug|Any CPU
		Release|Any CPU = Release|Any CPU
	EndGlobalSection
	GlobalSection(ProjectConfigurationPlatforms) = postSolution
		{3728FD85-0707-45F9-AA64-2640B2721FBC}.Debug|Any CPU.ActiveCfg = Debug|Any CPU
		{3728FD85-0707-45F9-AA64-2640B2721FBC}.Debug|Any CPU.Build.0 = Debug|Any CPU
		{3728FD85-0707-45F9-AA64-2640B2721FBC}.Release|Any CPU.ActiveCfg = Release|Any CPU
		{3728FD85-0707-45F9-AA64-2640B2721FBC}.Release|Any CPU.Build.0 = Release|Any CPU
	EndGlobalSection
	GlobalSection(SolutionProperties) = preSolution
		HideSolutionNode = FALSE
	EndGlobalSection
	GlobalSection(ExtensibilityGlobals) = postSolution
		SolutionGuid = {4B8662AC-46A8-4F32-87E6-AE2AC3CE9C5A}
	EndGlobalSection
EndGlobal
